
Microsoft Visual Studio Solution File, Format Version 12.00
# Visual Studio Version 17
VisualStudioVersion = 17.0.31903.59
MinimumVisualStudioVersion = 10.0.40219.1
Project("{2150E333-8FDC-42A3-9474-1A3956D46DE8}") = "src", "src", "{C32CC3A2-0CC0-410E-BC44-33404B5C1F6B}"
EndProject
Project("{FAE04EC0-301F-11D3-BF4B-00C04F79EFBC}") = "NaarNoor.Domain", "src\NaarNoor.Domain\NaarNoor.Domain.csproj", "{4A5F1702-DE86-414B-9A25-712B36BC58E9}"
EndProject
Project("{FAE04EC0-301F-11D3-BF4B-00C04F79EFBC}") = "NaarNoor.Application", "src\NaarNoor.Application\NaarNoor.Application.csproj", "{54990057-7D1B-4363-B8C1-4EAC9B01E416}"
EndProject
Project("{FAE04EC0-301F-11D3-BF4B-00C04F79EFBC}") = "NaarNoor.Infrastructure", "src\NaarNoor.Infrastructure\NaarNoor.Infrastructure.csproj", "{D478C2A5-FF0A-4BA3-A61B-BF882DD5CFCB}"
EndProject
Project("{FAE04EC0-301F-11D3-BF4B-00C04F79EFBC}") = "NaarNoor.API", "src\NaarNoor.API\NaarNoor.API.csproj", "{1E74774B-38F0-4791-9026-E299984B3785}"
EndProject
Global
	GlobalSection(SolutionConfigurationPlatforms) = preSolution
		Debug|Any CPU = Debug|Any CPU
		Release|Any CPU = Release|Any CPU
	EndGlobalSection
	GlobalSection(SolutionProperties) = preSolution
		HideSolutionNode = FALSE
	EndGlobalSection
	GlobalSection(ProjectConfigurationPlatforms) = postSolution
		{4A5F1702-DE86-414B-9A25-712B36BC58E9}.Debug|Any CPU.ActiveCfg = Debug|Any CPU
		{4A5F1702-DE86-414B-9A25-712B36BC58E9}.Debug|Any CPU.Build.0 = Debug|Any CPU
		{4A5F1702-DE86-414B-9A25-712B36BC58E9}.Release|Any CPU.ActiveCfg = Release|Any CPU
		{4A5F1702-DE86-414B-9A25-712B36BC58E9}.Release|Any CPU.Build.0 = Release|Any CPU
		{54990057-7D1B-4363-B8C1-4EAC9B01E416}.Debug|Any CPU.ActiveCfg = Debug|Any CPU
		{54990057-7D1B-4363-B8C1-4EAC9B01E416}.Debug|Any CPU.Build.0 = Debug|Any CPU
		{54990057-7D1B-4363-B8C1-4EAC9B01E416}.Release|Any CPU.ActiveCfg = Release|Any CPU
		{54990057-7D1B-4363-B8C1-4EAC9B01E416}.Release|Any CPU.Build.0 = Release|Any CPU
		{D478C2A5-FF0A-4BA3-A61B-BF882DD5CFCB}.Debug|Any CPU.ActiveCfg = Debug|Any CPU
		{D478C2A5-FF0A-4BA3-A61B-BF882DD5CFCB}.Debug|Any CPU.Build.0 = Debug|Any CPU
		{D478C2A5-FF0A-4BA3-A61B-BF882DD5CFCB}.Release|Any CPU.ActiveCfg = Release|Any CPU
		{D478C2A5-FF0A-4BA3-A61B-BF882DD5CFCB}.Release|Any CPU.Build.0 = Release|Any CPU
		{1E74774B-38F0-4791-9026-E299984B3785}.Debug|Any CPU.ActiveCfg = Debug|Any CPU
		{1E74774B-38F0-4791-9026-E299984B3785}.Debug|Any CPU.Build.0 = Debug|Any CPU
		{1E74774B-38F0-4791-9026-E299984B3785}.Release|Any CPU.ActiveCfg = Release|Any CPU
		{1E74774B-38F0-4791-9026-E299984B3785}.Release|Any CPU.Build.0 = Release|Any CPU
	EndGlobalSection
	GlobalSection(NestedProjects) = preSolution
		{4A5F1702-DE86-414B-9A25-712B36BC58E9} = {C32CC3A2-0CC0-410E-BC44-33404B5C1F6B}
		{54990057-7D1B-4363-B8C1-4EAC9B01E416} = {C32CC3A2-0CC0-410E-BC44-33404B5C1F6B}
		{D478C2A5-FF0A-4BA3-A61B-BF882DD5CFCB} = {C32CC3A2-0CC0-410E-BC44-33404B5C1F6B}
		{1E74774B-38F0-4791-9026-E299984B3785} = {C32CC3A2-0CC0-410E-BC44-33404B5C1F6B}
	EndGlobalSection
EndGlobal
